// !$*UTF8*$!
{
	archiveVersion = 1;
	classes = {
	};
	objectVersion = 55;
	objects = {

/* Begin PBXBuildFile section */
		6110D7D62789D5E500FBCA78 /* Houses.swift in Sources */ = {isa = PBXBuildFile; fileRef = 6110D7D52789D5E500FBCA78 /* Houses.swift */; };
		6110D7D82789D62300FBCA78 /* ServerManger.swift in Sources */ = {isa = PBXBuildFile; fileRef = 6110D7D72789D62300FBCA78 /* ServerManger.swift */; };
		6110D7DE2789E5B300FBCA78 /* URLConstants.swift in Sources */ = {isa = PBXBuildFile; fileRef = 6110D7DD2789E5B300FBCA78 /* URLConstants.swift */; };
		6110D7E22789E6E200FBCA78 /* Status.swift in Sources */ = {isa = PBXBuildFile; fileRef = 6110D7E12789E6E200FBCA78 /* Status.swift */; };
		6110D7E62789F03300FBCA78 /* HousesViewModel.swift in Sources */ = {isa = PBXBuildFile; fileRef = 6110D7E52789F03300FBCA78 /* HousesViewModel.swift */; };
		6110D7E82789FA0E00FBCA78 /* UIImageViewExtension.swift in Sources */ = {isa = PBXBuildFile; fileRef = 6110D7E72789FA0E00FBCA78 /* UIImageViewExtension.swift */; };
		6110D7EA278A062C00FBCA78 /* UIViewExtension.swift in Sources */ = {isa = PBXBuildFile; fileRef = 6110D7E9278A062C00FBCA78 /* UIViewExtension.swift */; };
		6110D804278A34D000FBCA78 /* GothamSSm-Black.otf in Resources */ = {isa = PBXBuildFile; fileRef = 6110D802278A34BE00FBCA78 /* GothamSSm-Black.otf */; };
		6110D805278A34D000FBCA78 /* GothamSSm-BlackItalic.otf in Resources */ = {isa = PBXBuildFile; fileRef = 6110D7F8278A34BC00FBCA78 /* GothamSSm-BlackItalic.otf */; };
		6110D806278A34D000FBCA78 /* GothamSSm-Bold.otf in Resources */ = {isa = PBXBuildFile; fileRef = 6110D801278A34BE00FBCA78 /* GothamSSm-Bold.otf */; };
		6110D807278A34D000FBCA78 /* GothamSSm-BoldItalic.otf in Resources */ = {isa = PBXBuildFile; fileRef = 6110D7FE278A34BD00FBCA78 /* GothamSSm-BoldItalic.otf */; };
		6110D808278A34D000FBCA78 /* GothamSSm-Book.otf in Resources */ = {isa = PBXBuildFile; fileRef = 6110D7FC278A34BD00FBCA78 /* GothamSSm-Book.otf */; };
		6110D809278A34D000FBCA78 /* GothamSSm-BookItalic.otf in Resources */ = {isa = PBXBuildFile; fileRef = 6110D7FB278A34BD00FBCA78 /* GothamSSm-BookItalic.otf */; };
		6110D80A278A34D000FBCA78 /* GothamSSm-Light.otf in Resources */ = {isa = PBXBuildFile; fileRef = 6110D7F9278A34BC00FBCA78 /* GothamSSm-Light.otf */; };
		6110D80B278A34D000FBCA78 /* GothamSSm-LightItalic.otf in Resources */ = {isa = PBXBuildFile; fileRef = 6110D7FA278A34BC00FBCA78 /* GothamSSm-LightItalic.otf */; };
		6110D80C278A34D000FBCA78 /* GothamSSm-Medium.otf in Resources */ = {isa = PBXBuildFile; fileRef = 6110D7FD278A34BD00FBCA78 /* GothamSSm-Medium.otf */; };
		6110D80D278A34D000FBCA78 /* GothamSSm-MediumItalic.otf in Resources */ = {isa = PBXBuildFile; fileRef = 6110D7FF278A34BE00FBCA78 /* GothamSSm-MediumItalic.otf */; };
		6110D80E278A34D000FBCA78 /* GothamSSm-XLight.otf in Resources */ = {isa = PBXBuildFile; fileRef = 6110D800278A34BE00FBCA78 /* GothamSSm-XLight.otf */; };
		6110D80F278A34D000FBCA78 /* GothamSSm-XLightItalic.otf in Resources */ = {isa = PBXBuildFile; fileRef = 6110D803278A34BE00FBCA78 /* GothamSSm-XLightItalic.otf */; };
		61205F9E278725FD003F3B32 /* AppDelegate.swift in Sources */ = {isa = PBXBuildFile; fileRef = 61205F9D278725FD003F3B32 /* AppDelegate.swift */; };
		61205FA0278725FD003F3B32 /* SceneDelegate.swift in Sources */ = {isa = PBXBuildFile; fileRef = 61205F9F278725FD003F3B32 /* SceneDelegate.swift */; };
		61205FA5278725FD003F3B32 /* Main.storyboard in Resources */ = {isa = PBXBuildFile; fileRef = 61205FA3278725FD003F3B32 /* Main.storyboard */; };
		61205FA727872601003F3B32 /* Assets.xcassets in Resources */ = {isa = PBXBuildFile; fileRef = 61205FA627872601003F3B32 /* Assets.xcassets */; };
		61205FAA27872601003F3B32 /* LaunchScreen.storyboard in Resources */ = {isa = PBXBuildFile; fileRef = 61205FA827872601003F3B32 /* LaunchScreen.storyboard */; };
		61205FB527872601003F3B32 /* RealEstateTests.swift in Sources */ = {isa = PBXBuildFile; fileRef = 61205FB427872601003F3B32 /* RealEstateTests.swift */; };
		61205FBF27872601003F3B32 /* RealEstateUITests.swift in Sources */ = {isa = PBXBuildFile; fileRef = 61205FBE27872601003F3B32 /* RealEstateUITests.swift */; };
		61205FC127872601003F3B32 /* RealEstateUITestsLaunchTests.swift in Sources */ = {isa = PBXBuildFile; fileRef = 61205FC027872601003F3B32 /* RealEstateUITestsLaunchTests.swift */; };
		61205FD9278760FF003F3B32 /* Home.storyboard in Resources */ = {isa = PBXBuildFile; fileRef = 61205FD8278760FF003F3B32 /* Home.storyboard */; };
		61205FDB27876123003F3B32 /* About.storyboard in Resources */ = {isa = PBXBuildFile; fileRef = 61205FDA27876123003F3B32 /* About.storyboard */; };
		61205FDD27876B27003F3B32 /* HousesViewController.swift in Sources */ = {isa = PBXBuildFile; fileRef = 61205FDC27876B27003F3B32 /* HousesViewController.swift */; };
		61205FDF27876CF6003F3B32 /* AboutViewController.swift in Sources */ = {isa = PBXBuildFile; fileRef = 61205FDE27876CF6003F3B32 /* AboutViewController.swift */; };
		61205FE127876D1F003F3B32 /* HouseDetails.storyboard in Resources */ = {isa = PBXBuildFile; fileRef = 61205FE027876D1F003F3B32 /* HouseDetails.storyboard */; };
		61205FE627876E71003F3B32 /* HouseDetailsViewController.swift in Sources */ = {isa = PBXBuildFile; fileRef = 61205FE527876E71003F3B32 /* HouseDetailsViewController.swift */; };
		61205FE827878E2E003F3B32 /* HouseCell.swift in Sources */ = {isa = PBXBuildFile; fileRef = 61205FE727878E2E003F3B32 /* HouseCell.swift */; };
		616AF89B278DA6F00062D366 /* AccessLocationViewController.swift in Sources */ = {isa = PBXBuildFile; fileRef = 616AF89A278DA6F00062D366 /* AccessLocationViewController.swift */; };
		61AD91FB278E31D900E8345D /* StoryBoardConstants.swift in Sources */ = {isa = PBXBuildFile; fileRef = 61AD91FA278E31D800E8345D /* StoryBoardConstants.swift */; };
		61BC426D278EFDBF00AFEADC /* SceneDelegateExtension.swift in Sources */ = {isa = PBXBuildFile; fileRef = 61BC426C278EFDBF00AFEADC /* SceneDelegateExtension.swift */; };
		61D28B65278B76B1006DA41C /* LocationService.swift in Sources */ = {isa = PBXBuildFile; fileRef = 61D28B64278B76B1006DA41C /* LocationService.swift */; };
		6909E95D48FA07783560462C /* Pods_RealEstate_RealEstateUITests.framework in Frameworks */ = {isa = PBXBuildFile; fileRef = 46F9489E4DAB55B2B4E5AB82 /* Pods_RealEstate_RealEstateUITests.framework */; };
		73EA4B379F4F336EA4C86D96 /* Pods_RealEstateTests.framework in Frameworks */ = {isa = PBXBuildFile; fileRef = 8A89B4B48C2397FC458A4A0F /* Pods_RealEstateTests.framework */; };
		D00E2C21A835C5C32A9667D6 /* Pods_RealEstate.framework in Frameworks */ = {isa = PBXBuildFile; fileRef = 0B5E345FCD4B1DF4D1DFFE1F /* Pods_RealEstate.framework */; };
/* End PBXBuildFile section */

/* Begin PBXContainerItemProxy section */
		61205FB127872601003F3B32 /* PBXContainerItemProxy */ = {
			isa = PBXContainerItemProxy;
			containerPortal = 61205F92278725FD003F3B32 /* Project object */;
			proxyType = 1;
			remoteGlobalIDString = 61205F99278725FD003F3B32;
			remoteInfo = RealEstate;
		};
		61205FBB27872601003F3B32 /* PBXContainerItemProxy */ = {
			isa = PBXContainerItemProxy;
			containerPortal = 61205F92278725FD003F3B32 /* Project object */;
			proxyType = 1;
			remoteGlobalIDString = 61205F99278725FD003F3B32;
			remoteInfo = RealEstate;
		};
/* End PBXContainerItemProxy section */

/* Begin PBXFileReference section */
		0B5E345FCD4B1DF4D1DFFE1F /* Pods_RealEstate.framework */ = {isa = PBXFileReference; explicitFileType = wrapper.framework; includeInIndex = 0; path = Pods_RealEstate.framework; sourceTree = BUILT_PRODUCTS_DIR; };
		46F9489E4DAB55B2B4E5AB82 /* Pods_RealEstate_RealEstateUITests.framework */ = {isa = PBXFileReference; explicitFileType = wrapper.framework; includeInIndex = 0; path = Pods_RealEstate_RealEstateUITests.framework; sourceTree = BUILT_PRODUCTS_DIR; };
		5DB96319B62C1C81D079DFF5 /* Pods-RealEstateTests.release.xcconfig */ = {isa = PBXFileReference; includeInIndex = 1; lastKnownFileType = text.xcconfig; name = "Pods-RealEstateTests.release.xcconfig"; path = "Target Support Files/Pods-RealEstateTests/Pods-RealEstateTests.release.xcconfig"; sourceTree = "<group>"; };
		6110D7D52789D5E500FBCA78 /* Houses.swift */ = {isa = PBXFileReference; lastKnownFileType = sourcecode.swift; path = Houses.swift; sourceTree = "<group>"; };
		6110D7D72789D62300FBCA78 /* ServerManger.swift */ = {isa = PBXFileReference; lastKnownFileType = sourcecode.swift; path = ServerManger.swift; sourceTree = "<group>"; };
		6110D7DD2789E5B300FBCA78 /* URLConstants.swift */ = {isa = PBXFileReference; lastKnownFileType = sourcecode.swift; path = URLConstants.swift; sourceTree = "<group>"; };
		6110D7E12789E6E200FBCA78 /* Status.swift */ = {isa = PBXFileReference; lastKnownFileType = sourcecode.swift; path = Status.swift; sourceTree = "<group>"; };
		6110D7E52789F03300FBCA78 /* HousesViewModel.swift */ = {isa = PBXFileReference; lastKnownFileType = sourcecode.swift; path = HousesViewModel.swift; sourceTree = "<group>"; };
		6110D7E72789FA0E00FBCA78 /* UIImageViewExtension.swift */ = {isa = PBXFileReference; lastKnownFileType = sourcecode.swift; path = UIImageViewExtension.swift; sourceTree = "<group>"; };
		6110D7E9278A062C00FBCA78 /* UIViewExtension.swift */ = {isa = PBXFileReference; lastKnownFileType = sourcecode.swift; path = UIViewExtension.swift; sourceTree = "<group>"; };
		6110D7F8278A34BC00FBCA78 /* GothamSSm-BlackItalic.otf */ = {isa = PBXFileReference; lastKnownFileType = file; path = "GothamSSm-BlackItalic.otf"; sourceTree = "<group>"; };
		6110D7F9278A34BC00FBCA78 /* GothamSSm-Light.otf */ = {isa = PBXFileReference; lastKnownFileType = file; path = "GothamSSm-Light.otf"; sourceTree = "<group>"; };
		6110D7FA278A34BC00FBCA78 /* GothamSSm-LightItalic.otf */ = {isa = PBXFileReference; lastKnownFileType = file; path = "GothamSSm-LightItalic.otf"; sourceTree = "<group>"; };
		6110D7FB278A34BD00FBCA78 /* GothamSSm-BookItalic.otf */ = {isa = PBXFileReference; lastKnownFileType = file; path = "GothamSSm-BookItalic.otf"; sourceTree = "<group>"; };
		6110D7FC278A34BD00FBCA78 /* GothamSSm-Book.otf */ = {isa = PBXFileReference; lastKnownFileType = file; path = "GothamSSm-Book.otf"; sourceTree = "<group>"; };
		6110D7FD278A34BD00FBCA78 /* GothamSSm-Medium.otf */ = {isa = PBXFileReference; lastKnownFileType = file; path = "GothamSSm-Medium.otf"; sourceTree = "<group>"; };
		6110D7FE278A34BD00FBCA78 /* GothamSSm-BoldItalic.otf */ = {isa = PBXFileReference; lastKnownFileType = file; path = "GothamSSm-BoldItalic.otf"; sourceTree = "<group>"; };
		6110D7FF278A34BE00FBCA78 /* GothamSSm-MediumItalic.otf */ = {isa = PBXFileReference; lastKnownFileType = file; path = "GothamSSm-MediumItalic.otf"; sourceTree = "<group>"; };
		6110D800278A34BE00FBCA78 /* GothamSSm-XLight.otf */ = {isa = PBXFileReference; lastKnownFileType = file; path = "GothamSSm-XLight.otf"; sourceTree = "<group>"; };
		6110D801278A34BE00FBCA78 /* GothamSSm-Bold.otf */ = {isa = PBXFileReference; lastKnownFileType = file; path = "GothamSSm-Bold.otf"; sourceTree = "<group>"; };
		6110D802278A34BE00FBCA78 /* GothamSSm-Black.otf */ = {isa = PBXFileReference; lastKnownFileType = file; path = "GothamSSm-Black.otf"; sourceTree = "<group>"; };
		6110D803278A34BE00FBCA78 /* GothamSSm-XLightItalic.otf */ = {isa = PBXFileReference; lastKnownFileType = file; path = "GothamSSm-XLightItalic.otf"; sourceTree = "<group>"; };
		61205F9A278725FD003F3B32 /* RealEstate.app */ = {isa = PBXFileReference; explicitFileType = wrapper.application; includeInIndex = 0; path = RealEstate.app; sourceTree = BUILT_PRODUCTS_DIR; };
		61205F9D278725FD003F3B32 /* AppDelegate.swift */ = {isa = PBXFileReference; lastKnownFileType = sourcecode.swift; path = AppDelegate.swift; sourceTree = "<group>"; };
		61205F9F278725FD003F3B32 /* SceneDelegate.swift */ = {isa = PBXFileReference; lastKnownFileType = sourcecode.swift; path = SceneDelegate.swift; sourceTree = "<group>"; };
		61205FA4278725FD003F3B32 /* Base */ = {isa = PBXFileReference; lastKnownFileType = file.storyboard; name = Base; path = Base.lproj/Main.storyboard; sourceTree = "<group>"; };
		61205FA627872601003F3B32 /* Assets.xcassets */ = {isa = PBXFileReference; lastKnownFileType = folder.assetcatalog; path = Assets.xcassets; sourceTree = "<group>"; };
		61205FA927872601003F3B32 /* Base */ = {isa = PBXFileReference; lastKnownFileType = file.storyboard; name = Base; path = Base.lproj/LaunchScreen.storyboard; sourceTree = "<group>"; };
		61205FAB27872601003F3B32 /* Info.plist */ = {isa = PBXFileReference; lastKnownFileType = text.plist.xml; path = Info.plist; sourceTree = "<group>"; };
		61205FB027872601003F3B32 /* RealEstateTests.xctest */ = {isa = PBXFileReference; explicitFileType = wrapper.cfbundle; includeInIndex = 0; path = RealEstateTests.xctest; sourceTree = BUILT_PRODUCTS_DIR; };
		61205FB427872601003F3B32 /* RealEstateTests.swift */ = {isa = PBXFileReference; lastKnownFileType = sourcecode.swift; path = RealEstateTests.swift; sourceTree = "<group>"; };
		61205FBA27872601003F3B32 /* RealEstateUITests.xctest */ = {isa = PBXFileReference; explicitFileType = wrapper.cfbundle; includeInIndex = 0; path = RealEstateUITests.xctest; sourceTree = BUILT_PRODUCTS_DIR; };
		61205FBE27872601003F3B32 /* RealEstateUITests.swift */ = {isa = PBXFileReference; lastKnownFileType = sourcecode.swift; path = RealEstateUITests.swift; sourceTree = "<group>"; };
		61205FC027872601003F3B32 /* RealEstateUITestsLaunchTests.swift */ = {isa = PBXFileReference; lastKnownFileType = sourcecode.swift; path = RealEstateUITestsLaunchTests.swift; sourceTree = "<group>"; };
		61205FD8278760FF003F3B32 /* Home.storyboard */ = {isa = PBXFileReference; lastKnownFileType = file.storyboard; path = Home.storyboard; sourceTree = "<group>"; };
		61205FDA27876123003F3B32 /* About.storyboard */ = {isa = PBXFileReference; lastKnownFileType = file.storyboard; path = About.storyboard; sourceTree = "<group>"; };
		61205FDC27876B27003F3B32 /* HousesViewController.swift */ = {isa = PBXFileReference; lastKnownFileType = sourcecode.swift; path = HousesViewController.swift; sourceTree = "<group>"; };
		61205FDE27876CF6003F3B32 /* AboutViewController.swift */ = {isa = PBXFileReference; lastKnownFileType = sourcecode.swift; path = AboutViewController.swift; sourceTree = "<group>"; };
		61205FE027876D1F003F3B32 /* HouseDetails.storyboard */ = {isa = PBXFileReference; lastKnownFileType = file.storyboard; path = HouseDetails.storyboard; sourceTree = "<group>"; };
		61205FE527876E71003F3B32 /* HouseDetailsViewController.swift */ = {isa = PBXFileReference; lastKnownFileType = sourcecode.swift; path = HouseDetailsViewController.swift; sourceTree = "<group>"; };
		61205FE727878E2E003F3B32 /* HouseCell.swift */ = {isa = PBXFileReference; lastKnownFileType = sourcecode.swift; path = HouseCell.swift; sourceTree = "<group>"; };
		616AF89A278DA6F00062D366 /* AccessLocationViewController.swift */ = {isa = PBXFileReference; lastKnownFileType = sourcecode.swift; path = AccessLocationViewController.swift; sourceTree = "<group>"; };
		61AD91FA278E31D800E8345D /* StoryBoardConstants.swift */ = {isa = PBXFileReference; lastKnownFileType = sourcecode.swift; path = StoryBoardConstants.swift; sourceTree = "<group>"; };
		61BC426C278EFDBF00AFEADC /* SceneDelegateExtension.swift */ = {isa = PBXFileReference; lastKnownFileType = sourcecode.swift; path = SceneDelegateExtension.swift; sourceTree = "<group>"; };
		61D28B64278B76B1006DA41C /* LocationService.swift */ = {isa = PBXFileReference; lastKnownFileType = sourcecode.swift; path = LocationService.swift; sourceTree = "<group>"; };
		7D411B7629EBE57221CC2875 /* Pods-RealEstate-RealEstateUITests.debug.xcconfig */ = {isa = PBXFileReference; includeInIndex = 1; lastKnownFileType = text.xcconfig; name = "Pods-RealEstate-RealEstateUITests.debug.xcconfig"; path = "Target Support Files/Pods-RealEstate-RealEstateUITests/Pods-RealEstate-RealEstateUITests.debug.xcconfig"; sourceTree = "<group>"; };
		8A89B4B48C2397FC458A4A0F /* Pods_RealEstateTests.framework */ = {isa = PBXFileReference; explicitFileType = wrapper.framework; includeInIndex = 0; path = Pods_RealEstateTests.framework; sourceTree = BUILT_PRODUCTS_DIR; };
		8C456466C5CD5752F118BCA6 /* Pods-RealEstate-RealEstateUITests.release.xcconfig */ = {isa = PBXFileReference; includeInIndex = 1; lastKnownFileType = text.xcconfig; name = "Pods-RealEstate-RealEstateUITests.release.xcconfig"; path = "Target Support Files/Pods-RealEstate-RealEstateUITests/Pods-RealEstate-RealEstateUITests.release.xcconfig"; sourceTree = "<group>"; };
		AFB0A3FE79E04F7FB274F976 /* Pods-RealEstate.debug.xcconfig */ = {isa = PBXFileReference; includeInIndex = 1; lastKnownFileType = text.xcconfig; name = "Pods-RealEstate.debug.xcconfig"; path = "Target Support Files/Pods-RealEstate/Pods-RealEstate.debug.xcconfig"; sourceTree = "<group>"; };
		D73FB52AEA32753F2309B46E /* Pods-RealEstateTests.debug.xcconfig */ = {isa = PBXFileReference; includeInIndex = 1; lastKnownFileType = text.xcconfig; name = "Pods-RealEstateTests.debug.xcconfig"; path = "Target Support Files/Pods-RealEstateTests/Pods-RealEstateTests.debug.xcconfig"; sourceTree = "<group>"; };
		EC392892036288EFBE648555 /* Pods-RealEstate.release.xcconfig */ = {isa = PBXFileReference; includeInIndex = 1; lastKnownFileType = text.xcconfig; name = "Pods-RealEstate.release.xcconfig"; path = "Target Support Files/Pods-RealEstate/Pods-RealEstate.release.xcconfig"; sourceTree = "<group>"; };
/* End PBXFileReference section */

/* Begin PBXFrameworksBuildPhase section */
		61205F97278725FD003F3B32 /* Frameworks */ = {
			isa = PBXFrameworksBuildPhase;
			buildActionMask = 2147483647;
			files = (
				D00E2C21A835C5C32A9667D6 /* Pods_RealEstate.framework in Frameworks */,
			);
			runOnlyForDeploymentPostprocessing = 0;
		};
		61205FAD27872601003F3B32 /* Frameworks */ = {
			isa = PBXFrameworksBuildPhase;
			buildActionMask = 2147483647;
			files = (
				73EA4B379F4F336EA4C86D96 /* Pods_RealEstateTests.framework in Frameworks */,
			);
			runOnlyForDeploymentPostprocessing = 0;
		};
		61205FB727872601003F3B32 /* Frameworks */ = {
			isa = PBXFrameworksBuildPhase;
			buildActionMask = 2147483647;
			files = (
				6909E95D48FA07783560462C /* Pods_RealEstate_RealEstateUITests.framework in Frameworks */,
			);
			runOnlyForDeploymentPostprocessing = 0;
		};
/* End PBXFrameworksBuildPhase section */

/* Begin PBXGroup section */
		029D57F767B33621FD936295 /* Pods */ = {
			isa = PBXGroup;
			children = (
				AFB0A3FE79E04F7FB274F976 /* Pods-RealEstate.debug.xcconfig */,
				EC392892036288EFBE648555 /* Pods-RealEstate.release.xcconfig */,
				7D411B7629EBE57221CC2875 /* Pods-RealEstate-RealEstateUITests.debug.xcconfig */,
				8C456466C5CD5752F118BCA6 /* Pods-RealEstate-RealEstateUITests.release.xcconfig */,
				D73FB52AEA32753F2309B46E /* Pods-RealEstateTests.debug.xcconfig */,
				5DB96319B62C1C81D079DFF5 /* Pods-RealEstateTests.release.xcconfig */,
			);
			path = Pods;
			sourceTree = "<group>";
		};
		56AA040AC7E6675DEEC99880 /* Frameworks */ = {
			isa = PBXGroup;
			children = (
				0B5E345FCD4B1DF4D1DFFE1F /* Pods_RealEstate.framework */,
				46F9489E4DAB55B2B4E5AB82 /* Pods_RealEstate_RealEstateUITests.framework */,
				8A89B4B48C2397FC458A4A0F /* Pods_RealEstateTests.framework */,
			);
			name = Frameworks;
			sourceTree = "<group>";
		};
		6110D7F7278A349700FBCA78 /* Fonts */ = {
			isa = PBXGroup;
			children = (
				6110D802278A34BE00FBCA78 /* GothamSSm-Black.otf */,
				6110D7F8278A34BC00FBCA78 /* GothamSSm-BlackItalic.otf */,
				6110D801278A34BE00FBCA78 /* GothamSSm-Bold.otf */,
				6110D7FE278A34BD00FBCA78 /* GothamSSm-BoldItalic.otf */,
				6110D7FC278A34BD00FBCA78 /* GothamSSm-Book.otf */,
				6110D7FB278A34BD00FBCA78 /* GothamSSm-BookItalic.otf */,
				6110D7F9278A34BC00FBCA78 /* GothamSSm-Light.otf */,
				6110D7FA278A34BC00FBCA78 /* GothamSSm-LightItalic.otf */,
				6110D7FD278A34BD00FBCA78 /* GothamSSm-Medium.otf */,
				6110D7FF278A34BE00FBCA78 /* GothamSSm-MediumItalic.otf */,
				6110D800278A34BE00FBCA78 /* GothamSSm-XLight.otf */,
				6110D803278A34BE00FBCA78 /* GothamSSm-XLightItalic.otf */,
			);
			path = Fonts;
			sourceTree = "<group>";
		};
		61205F91278725FD003F3B32 = {
			isa = PBXGroup;
			children = (
				61205F9C278725FD003F3B32 /* RealEstate */,
				61205FB327872601003F3B32 /* RealEstateTests */,
				61205FBD27872601003F3B32 /* RealEstateUITests */,
				61205F9B278725FD003F3B32 /* Products */,
				029D57F767B33621FD936295 /* Pods */,
				56AA040AC7E6675DEEC99880 /* Frameworks */,
			);
			sourceTree = "<group>";
		};
		61205F9B278725FD003F3B32 /* Products */ = {
			isa = PBXGroup;
			children = (
				61205F9A278725FD003F3B32 /* RealEstate.app */,
				61205FB027872601003F3B32 /* RealEstateTests.xctest */,
				61205FBA27872601003F3B32 /* RealEstateUITests.xctest */,
			);
			name = Products;
			sourceTree = "<group>";
		};
		61205F9C278725FD003F3B32 /* RealEstate */ = {
			isa = PBXGroup;
			children = (
				61205FD227875A7A003F3B32 /* Contstants */,
				61205FD127875A32003F3B32 /* Service */,
				61205FD527875BAA003F3B32 /* View */,
				61205FCE278759F2003F3B32 /* Models */,
				61205FD027875A25003F3B32 /* ViewModels */,
				61205FE227876DDF003F3B32 /* Helpers */,
				61205F9D278725FD003F3B32 /* AppDelegate.swift */,
				61205F9F278725FD003F3B32 /* SceneDelegate.swift */,
				61205FA627872601003F3B32 /* Assets.xcassets */,
				61205FAB27872601003F3B32 /* Info.plist */,
			);
			path = RealEstate;
			sourceTree = "<group>";
		};
		61205FB327872601003F3B32 /* RealEstateTests */ = {
			isa = PBXGroup;
			children = (
				61205FB427872601003F3B32 /* RealEstateTests.swift */,
			);
			path = RealEstateTests;
			sourceTree = "<group>";
		};
		61205FBD27872601003F3B32 /* RealEstateUITests */ = {
			isa = PBXGroup;
			children = (
				61205FBE27872601003F3B32 /* RealEstateUITests.swift */,
				61205FC027872601003F3B32 /* RealEstateUITestsLaunchTests.swift */,
			);
			path = RealEstateUITests;
			sourceTree = "<group>";
		};
		61205FCE278759F2003F3B32 /* Models */ = {
			isa = PBXGroup;
			children = (
				6110D7D52789D5E500FBCA78 /* Houses.swift */,
			);
			path = Models;
			sourceTree = "<group>";
		};
		61205FCF27875A15003F3B32 /* Controllers */ = {
			isa = PBXGroup;
			children = (
				61205FDC27876B27003F3B32 /* HousesViewController.swift */,
				61205FDE27876CF6003F3B32 /* AboutViewController.swift */,
				61205FE527876E71003F3B32 /* HouseDetailsViewController.swift */,
				616AF89A278DA6F00062D366 /* AccessLocationViewController.swift */,
			);
			path = Controllers;
			sourceTree = "<group>";
		};
		61205FD027875A25003F3B32 /* ViewModels */ = {
			isa = PBXGroup;
			children = (
				6110D7E12789E6E200FBCA78 /* Status.swift */,
				6110D7E52789F03300FBCA78 /* HousesViewModel.swift */,
			);
			path = ViewModels;
			sourceTree = "<group>";
		};
		61205FD127875A32003F3B32 /* Service */ = {
			isa = PBXGroup;
			children = (
				6110D7D72789D62300FBCA78 /* ServerManger.swift */,
				61D28B64278B76B1006DA41C /* LocationService.swift */,
			);
			path = Service;
			sourceTree = "<group>";
		};
		61205FD227875A7A003F3B32 /* Contstants */ = {
			isa = PBXGroup;
			children = (
				6110D7DD2789E5B300FBCA78 /* URLConstants.swift */,
				61AD91FA278E31D800E8345D /* StoryBoardConstants.swift */,
			);
			path = Contstants;
			sourceTree = "<group>";
		};
		61205FD327875AC3003F3B32 /* Storyboards */ = {
			isa = PBXGroup;
			children = (
				61205FA827872601003F3B32 /* LaunchScreen.storyboard */,
				61205FA3278725FD003F3B32 /* Main.storyboard */,
				61205FD8278760FF003F3B32 /* Home.storyboard */,
				61205FDA27876123003F3B32 /* About.storyboard */,
				61205FE027876D1F003F3B32 /* HouseDetails.storyboard */,
			);
			path = Storyboards;
			sourceTree = "<group>";
		};
		61205FD427875B23003F3B32 /* Cells */ = {
			isa = PBXGroup;
			children = (
				61205FE727878E2E003F3B32 /* HouseCell.swift */,
			);
			path = Cells;
			sourceTree = "<group>";
		};
		61205FD527875BAA003F3B32 /* View */ = {
			isa = PBXGroup;
			children = (
				6110D7F7278A349700FBCA78 /* Fonts */,
				61205FCF27875A15003F3B32 /* Controllers */,
				61205FD427875B23003F3B32 /* Cells */,
				61205FD327875AC3003F3B32 /* Storyboards */,
			);
			path = View;
			sourceTree = "<group>";
		};
		61205FE227876DDF003F3B32 /* Helpers */ = {
			isa = PBXGroup;
			children = (
				61BC426E278F009D00AFEADC /* Extensions */,
			);
			path = Helpers;
			sourceTree = "<group>";
		};
		61BC426E278F009D00AFEADC /* Extensions */ = {
			isa = PBXGroup;
			children = (
				6110D7E9278A062C00FBCA78 /* UIViewExtension.swift */,
				61BC426C278EFDBF00AFEADC /* SceneDelegateExtension.swift */,
				6110D7E72789FA0E00FBCA78 /* UIImageViewExtension.swift */,
			);
			path = Extensions;
			sourceTree = "<group>";
		};
/* End PBXGroup section */

/* Begin PBXNativeTarget section */
		61205F99278725FD003F3B32 /* RealEstate */ = {
			isa = PBXNativeTarget;
			buildConfigurationList = 61205FC427872601003F3B32 /* Build configuration list for PBXNativeTarget "RealEstate" */;
			buildPhases = (
				FF3EB2793282783EFBDC6D12 /* [CP] Check Pods Manifest.lock */,
				61205F96278725FD003F3B32 /* Sources */,
				61205F97278725FD003F3B32 /* Frameworks */,
				61205F98278725FD003F3B32 /* Resources */,
				90621C015A2F6CB0A8F68332 /* [CP] Embed Pods Frameworks */,
				1DB07086E67FEF3D9297519D /* [CP] Copy Pods Resources */,
			);
			buildRules = (
			);
			dependencies = (
			);
			name = RealEstate;
			productName = RealEstate;
			productReference = 61205F9A278725FD003F3B32 /* RealEstate.app */;
			productType = "com.apple.product-type.application";
		};
		61205FAF27872601003F3B32 /* RealEstateTests */ = {
			isa = PBXNativeTarget;
			buildConfigurationList = 61205FC727872601003F3B32 /* Build configuration list for PBXNativeTarget "RealEstateTests" */;
			buildPhases = (
				45C0167DFDE8F9CBB63F7ABD /* [CP] Check Pods Manifest.lock */,
				61205FAC27872601003F3B32 /* Sources */,
				61205FAD27872601003F3B32 /* Frameworks */,
				61205FAE27872601003F3B32 /* Resources */,
			);
			buildRules = (
			);
			dependencies = (
				61205FB227872601003F3B32 /* PBXTargetDependency */,
			);
			name = RealEstateTests;
			productName = RealEstateTests;
			productReference = 61205FB027872601003F3B32 /* RealEstateTests.xctest */;
			productType = "com.apple.product-type.bundle.unit-test";
		};
		61205FB927872601003F3B32 /* RealEstateUITests */ = {
			isa = PBXNativeTarget;
			buildConfigurationList = 61205FCA27872601003F3B32 /* Build configuration list for PBXNativeTarget "RealEstateUITests" */;
			buildPhases = (
				FF2FD4C9334664F5FA4AED33 /* [CP] Check Pods Manifest.lock */,
				61205FB627872601003F3B32 /* Sources */,
				61205FB727872601003F3B32 /* Frameworks */,
				61205FB827872601003F3B32 /* Resources */,
				7127748F4F2B34F33D478451 /* [CP] Embed Pods Frameworks */,
				0B9AD4211D6EC7D55A6E0072 /* [CP] Copy Pods Resources */,
			);
			buildRules = (
			);
			dependencies = (
				61205FBC27872601003F3B32 /* PBXTargetDependency */,
			);
			name = RealEstateUITests;
			productName = RealEstateUITests;
			productReference = 61205FBA27872601003F3B32 /* RealEstateUITests.xctest */;
			productType = "com.apple.product-type.bundle.ui-testing";
		};
/* End PBXNativeTarget section */

/* Begin PBXProject section */
		61205F92278725FD003F3B32 /* Project object */ = {
			isa = PBXProject;
			attributes = {
				BuildIndependentTargetsInParallel = 1;
				LastSwiftUpdateCheck = 1310;
				LastUpgradeCheck = 1310;
				TargetAttributes = {
					61205F99278725FD003F3B32 = {
						CreatedOnToolsVersion = 13.1;
					};
					61205FAF27872601003F3B32 = {
						CreatedOnToolsVersion = 13.1;
						TestTargetID = 61205F99278725FD003F3B32;
					};
					61205FB927872601003F3B32 = {
						CreatedOnToolsVersion = 13.1;
						TestTargetID = 61205F99278725FD003F3B32;
					};
				};
			};
			buildConfigurationList = 61205F95278725FD003F3B32 /* Build configuration list for PBXProject "RealEstate" */;
			compatibilityVersion = "Xcode 13.0";
			developmentRegion = en;
			hasScannedForEncodings = 0;
			knownRegions = (
				en,
				Base,
			);
			mainGroup = 61205F91278725FD003F3B32;
			productRefGroup = 61205F9B278725FD003F3B32 /* Products */;
			projectDirPath = "";
			projectRoot = "";
			targets = (
				61205F99278725FD003F3B32 /* RealEstate */,
				61205FAF27872601003F3B32 /* RealEstateTests */,
				61205FB927872601003F3B32 /* RealEstateUITests */,
			);
		};
/* End PBXProject section */

/* Begin PBXResourcesBuildPhase section */
		61205F98278725FD003F3B32 /* Resources */ = {
			isa = PBXResourcesBuildPhase;
			buildActionMask = 2147483647;
			files = (
				6110D804278A34D000FBCA78 /* GothamSSm-Black.otf in Resources */,
				6110D805278A34D000FBCA78 /* GothamSSm-BlackItalic.otf in Resources */,
				6110D806278A34D000FBCA78 /* GothamSSm-Bold.otf in Resources */,
				6110D807278A34D000FBCA78 /* GothamSSm-BoldItalic.otf in Resources */,
				6110D808278A34D000FBCA78 /* GothamSSm-Book.otf in Resources */,
				6110D809278A34D000FBCA78 /* GothamSSm-BookItalic.otf in Resources */,
				6110D80A278A34D000FBCA78 /* GothamSSm-Light.otf in Resources */,
				6110D80B278A34D000FBCA78 /* GothamSSm-LightItalic.otf in Resources */,
				6110D80C278A34D000FBCA78 /* GothamSSm-Medium.otf in Resources */,
				6110D80D278A34D000FBCA78 /* GothamSSm-MediumItalic.otf in Resources */,
				6110D80E278A34D000FBCA78 /* GothamSSm-XLight.otf in Resources */,
				6110D80F278A34D000FBCA78 /* GothamSSm-XLightItalic.otf in Resources */,
				61205FAA27872601003F3B32 /* LaunchScreen.storyboard in Resources */,
				61205FD9278760FF003F3B32 /* Home.storyboard in Resources */,
				61205FDB27876123003F3B32 /* About.storyboard in Resources */,
				61205FA727872601003F3B32 /* Assets.xcassets in Resources */,
				61205FE127876D1F003F3B32 /* HouseDetails.storyboard in Resources */,
				61205FA5278725FD003F3B32 /* Main.storyboard in Resources */,
			);
			runOnlyForDeploymentPostprocessing = 0;
		};
		61205FAE27872601003F3B32 /* Resources */ = {
			isa = PBXResourcesBuildPhase;
			buildActionMask = 2147483647;
			files = (
			);
			runOnlyForDeploymentPostprocessing = 0;
		};
		61205FB827872601003F3B32 /* Resources */ = {
			isa = PBXResourcesBuildPhase;
			buildActionMask = 2147483647;
			files = (
			);
			runOnlyForDeploymentPostprocessing = 0;
		};
/* End PBXResourcesBuildPhase section */

/* Begin PBXShellScriptBuildPhase section */
		0B9AD4211D6EC7D55A6E0072 /* [CP] Copy Pods Resources */ = {
			isa = PBXShellScriptBuildPhase;
			buildActionMask = 2147483647;
			files = (
			);
			inputFileListPaths = (
				"${PODS_ROOT}/Target Support Files/Pods-RealEstate-RealEstateUITests/Pods-RealEstate-RealEstateUITests-resources-${CONFIGURATION}-input-files.xcfilelist",
			);
			name = "[CP] Copy Pods Resources";
			outputFileListPaths = (
				"${PODS_ROOT}/Target Support Files/Pods-RealEstate-RealEstateUITests/Pods-RealEstate-RealEstateUITests-resources-${CONFIGURATION}-output-files.xcfilelist",
			);
			runOnlyForDeploymentPostprocessing = 0;
			shellPath = /bin/sh;
			shellScript = "\"${PODS_ROOT}/Target Support Files/Pods-RealEstate-RealEstateUITests/Pods-RealEstate-RealEstateUITests-resources.sh\"\n";
			showEnvVarsInLog = 0;
		};
		1DB07086E67FEF3D9297519D /* [CP] Copy Pods Resources */ = {
			isa = PBXShellScriptBuildPhase;
			buildActionMask = 2147483647;
			files = (
			);
			inputFileListPaths = (
				"${PODS_ROOT}/Target Support Files/Pods-RealEstate/Pods-RealEstate-resources-${CONFIGURATION}-input-files.xcfilelist",
			);
			name = "[CP] Copy Pods Resources";
			outputFileListPaths = (
				"${PODS_ROOT}/Target Support Files/Pods-RealEstate/Pods-RealEstate-resources-${CONFIGURATION}-output-files.xcfilelist",
			);
			runOnlyForDeploymentPostprocessing = 0;
			shellPath = /bin/sh;
			shellScript = "\"${PODS_ROOT}/Target Support Files/Pods-RealEstate/Pods-RealEstate-resources.sh\"\n";
			showEnvVarsInLog = 0;
		};
		45C0167DFDE8F9CBB63F7ABD /* [CP] Check Pods Manifest.lock */ = {
			isa = PBXShellScriptBuildPhase;
			buildActionMask = 2147483647;
			files = (
			);
			inputFileListPaths = (
			);
			inputPaths = (
				"${PODS_PODFILE_DIR_PATH}/Podfile.lock",
				"${PODS_ROOT}/Manifest.lock",
			);
			name = "[CP] Check Pods Manifest.lock";
			outputFileListPaths = (
			);
			outputPaths = (
				"$(DERIVED_FILE_DIR)/Pods-RealEstateTests-checkManifestLockResult.txt",
			);
			runOnlyForDeploymentPostprocessing = 0;
			shellPath = /bin/sh;
			shellScript = "diff \"${PODS_PODFILE_DIR_PATH}/Podfile.lock\" \"${PODS_ROOT}/Manifest.lock\" > /dev/null\nif [ $? != 0 ] ; then\n    # print error to STDERR\n    echo \"error: The sandbox is not in sync with the Podfile.lock. Run 'pod install' or update your CocoaPods installation.\" >&2\n    exit 1\nfi\n# This output is used by Xcode 'outputs' to avoid re-running this script phase.\necho \"SUCCESS\" > \"${SCRIPT_OUTPUT_FILE_0}\"\n";
			showEnvVarsInLog = 0;
		};
		7127748F4F2B34F33D478451 /* [CP] Embed Pods Frameworks */ = {
			isa = PBXShellScriptBuildPhase;
			buildActionMask = 2147483647;
			files = (
			);
			inputFileListPaths = (
				"${PODS_ROOT}/Target Support Files/Pods-RealEstate-RealEstateUITests/Pods-RealEstate-RealEstateUITests-frameworks-${CONFIGURATION}-input-files.xcfilelist",
			);
			name = "[CP] Embed Pods Frameworks";
			outputFileListPaths = (
				"${PODS_ROOT}/Target Support Files/Pods-RealEstate-RealEstateUITests/Pods-RealEstate-RealEstateUITests-frameworks-${CONFIGURATION}-output-files.xcfilelist",
			);
			runOnlyForDeploymentPostprocessing = 0;
			shellPath = /bin/sh;
			shellScript = "\"${PODS_ROOT}/Target Support Files/Pods-RealEstate-RealEstateUITests/Pods-RealEstate-RealEstateUITests-frameworks.sh\"\n";
			showEnvVarsInLog = 0;
		};
		90621C015A2F6CB0A8F68332 /* [CP] Embed Pods Frameworks */ = {
			isa = PBXShellScriptBuildPhase;
			buildActionMask = 2147483647;
			files = (
			);
			inputFileListPaths = (
				"${PODS_ROOT}/Target Support Files/Pods-RealEstate/Pods-RealEstate-frameworks-${CONFIGURATION}-input-files.xcfilelist",
			);
			name = "[CP] Embed Pods Frameworks";
			outputFileListPaths = (
				"${PODS_ROOT}/Target Support Files/Pods-RealEstate/Pods-RealEstate-frameworks-${CONFIGURATION}-output-files.xcfilelist",
			);
			runOnlyForDeploymentPostprocessing = 0;
			shellPath = /bin/sh;
			shellScript = "\"${PODS_ROOT}/Target Support Files/Pods-RealEstate/Pods-RealEstate-frameworks.sh\"\n";
			showEnvVarsInLog = 0;
		};
		FF2FD4C9334664F5FA4AED33 /* [CP] Check Pods Manifest.lock */ = {
			isa = PBXShellScriptBuildPhase;
			buildActionMask = 2147483647;
			files = (
			);
			inputFileListPaths = (
			);
			inputPaths = (
				"${PODS_PODFILE_DIR_PATH}/Podfile.lock",
				"${PODS_ROOT}/Manifest.lock",
			);
			name = "[CP] Check Pods Manifest.lock";
			outputFileListPaths = (
			);
			outputPaths = (
				"$(DERIVED_FILE_DIR)/Pods-RealEstate-RealEstateUITests-checkManifestLockResult.txt",
			);
			runOnlyForDeploymentPostprocessing = 0;
			shellPath = /bin/sh;
			shellScript = "diff \"${PODS_PODFILE_DIR_PATH}/Podfile.lock\" \"${PODS_ROOT}/Manifest.lock\" > /dev/null\nif [ $? != 0 ] ; then\n    # print error to STDERR\n    echo \"error: The sandbox is not in sync with the Podfile.lock. Run 'pod install' or update your CocoaPods installation.\" >&2\n    exit 1\nfi\n# This output is used by Xcode 'outputs' to avoid re-running this script phase.\necho \"SUCCESS\" > \"${SCRIPT_OUTPUT_FILE_0}\"\n";
			showEnvVarsInLog = 0;
		};
		FF3EB2793282783EFBDC6D12 /* [CP] Check Pods Manifest.lock */ = {
			isa = PBXShellScriptBuildPhase;
			buildActionMask = 2147483647;
			files = (
			);
			inputFileListPaths = (
			);
			inputPaths = (
				"${PODS_PODFILE_DIR_PATH}/Podfile.lock",
				"${PODS_ROOT}/Manifest.lock",
			);
			name = "[CP] Check Pods Manifest.lock";
			outputFileListPaths = (
			);
			outputPaths = (
				"$(DERIVED_FILE_DIR)/Pods-RealEstate-checkManifestLockResult.txt",
			);
			runOnlyForDeploymentPostprocessing = 0;
			shellPath = /bin/sh;
			shellScript = "diff \"${PODS_PODFILE_DIR_PATH}/Podfile.lock\" \"${PODS_ROOT}/Manifest.lock\" > /dev/null\nif [ $? != 0 ] ; then\n    # print error to STDERR\n    echo \"error: The sandbox is not in sync with the Podfile.lock. Run 'pod install' or update your CocoaPods installation.\" >&2\n    exit 1\nfi\n# This output is used by Xcode 'outputs' to avoid re-running this script phase.\necho \"SUCCESS\" > \"${SCRIPT_OUTPUT_FILE_0}\"\n";
			showEnvVarsInLog = 0;
		};
/* End PBXShellScriptBuildPhase section */

/* Begin PBXSourcesBuildPhase section */
		61205F96278725FD003F3B32 /* Sources */ = {
			isa = PBXSourcesBuildPhase;
			buildActionMask = 2147483647;
			files = (
				61205FDD27876B27003F3B32 /* HousesViewController.swift in Sources */,
				6110D7DE2789E5B300FBCA78 /* URLConstants.swift in Sources */,
				61205F9E278725FD003F3B32 /* AppDelegate.swift in Sources */,
				61AD91FB278E31D900E8345D /* StoryBoardConstants.swift in Sources */,
				616AF89B278DA6F00062D366 /* AccessLocationViewController.swift in Sources */,
				6110D7D82789D62300FBCA78 /* ServerManger.swift in Sources */,
				61205FE827878E2E003F3B32 /* HouseCell.swift in Sources */,
				61BC426D278EFDBF00AFEADC /* SceneDelegateExtension.swift in Sources */,
				61205FE627876E71003F3B32 /* HouseDetailsViewController.swift in Sources */,
				6110D7EA278A062C00FBCA78 /* UIViewExtension.swift in Sources */,
				61D28B65278B76B1006DA41C /* LocationService.swift in Sources */,
				6110D7E82789FA0E00FBCA78 /* UIImageViewExtension.swift in Sources */,
				61205FDF27876CF6003F3B32 /* AboutViewController.swift in Sources */,
				6110D7E62789F03300FBCA78 /* HousesViewModel.swift in Sources */,
				6110D7D62789D5E500FBCA78 /* Houses.swift in Sources */,
				61205FA0278725FD003F3B32 /* SceneDelegate.swift in Sources */,
				6110D7E22789E6E200FBCA78 /* Status.swift in Sources */,
			);
			runOnlyForDeploymentPostprocessing = 0;
		};
		61205FAC27872601003F3B32 /* Sources */ = {
			isa = PBXSourcesBuildPhase;
			buildActionMask = 2147483647;
			files = (
				61205FB527872601003F3B32 /* RealEstateTests.swift in Sources */,
			);
			runOnlyForDeploymentPostprocessing = 0;
		};
		61205FB627872601003F3B32 /* Sources */ = {
			isa = PBXSourcesBuildPhase;
			buildActionMask = 2147483647;
			files = (
				61205FC127872601003F3B32 /* RealEstateUITestsLaunchTests.swift in Sources */,
				61205FBF27872601003F3B32 /* RealEstateUITests.swift in Sources */,
			);
			runOnlyForDeploymentPostprocessing = 0;
		};
/* End PBXSourcesBuildPhase section */

/* Begin PBXTargetDependency section */
		61205FB227872601003F3B32 /* PBXTargetDependency */ = {
			isa = PBXTargetDependency;
			target = 61205F99278725FD003F3B32 /* RealEstate */;
			targetProxy = 61205FB127872601003F3B32 /* PBXContainerItemProxy */;
		};
		61205FBC27872601003F3B32 /* PBXTargetDependency */ = {
			isa = PBXTargetDependency;
			target = 61205F99278725FD003F3B32 /* RealEstate */;
			targetProxy = 61205FBB27872601003F3B32 /* PBXContainerItemProxy */;
		};
/* End PBXTargetDependency section */

/* Begin PBXVariantGroup section */
		61205FA3278725FD003F3B32 /* Main.storyboard */ = {
			isa = PBXVariantGroup;
			children = (
				61205FA4278725FD003F3B32 /* Base */,
			);
			name = Main.storyboard;
			sourceTree = "<group>";
		};
		61205FA827872601003F3B32 /* LaunchScreen.storyboard */ = {
			isa = PBXVariantGroup;
			children = (
				61205FA927872601003F3B32 /* Base */,
			);
			name = LaunchScreen.storyboard;
			sourceTree = "<group>";
		};
/* End PBXVariantGroup section */

/* Begin XCBuildConfiguration section */
		61205FC227872601003F3B32 /* Debug */ = {
			isa = XCBuildConfiguration;
			buildSettings = {
				ALWAYS_SEARCH_USER_PATHS = NO;
				CLANG_ANALYZER_NONNULL = YES;
				CLANG_ANALYZER_NUMBER_OBJECT_CONVERSION = YES_AGGRESSIVE;
				CLANG_CXX_LANGUAGE_STANDARD = "gnu++17";
				CLANG_CXX_LIBRARY = "libc++";
				CLANG_ENABLE_MODULES = YES;
				CLANG_ENABLE_OBJC_ARC = YES;
				CLANG_ENABLE_OBJC_WEAK = YES;
				CLANG_WARN_BLOCK_CAPTURE_AUTORELEASING = YES;
				CLANG_WARN_BOOL_CONVERSION = YES;
				CLANG_WARN_COMMA = YES;
				CLANG_WARN_CONSTANT_CONVERSION = YES;
				CLANG_WARN_DEPRECATED_OBJC_IMPLEMENTATIONS = YES;
				CLANG_WARN_DIRECT_OBJC_ISA_USAGE = YES_ERROR;
				CLANG_WARN_DOCUMENTATION_COMMENTS = YES;
				CLANG_WARN_EMPTY_BODY = YES;
				CLANG_WARN_ENUM_CONVERSION = YES;
				CLANG_WARN_INFINITE_RECURSION = YES;
				CLANG_WARN_INT_CONVERSION = YES;
				CLANG_WARN_NON_LITERAL_NULL_CONVERSION = YES;
				CLANG_WARN_OBJC_IMPLICIT_RETAIN_SELF = YES;
				CLANG_WARN_OBJC_LITERAL_CONVERSION = YES;
				CLANG_WARN_OBJC_ROOT_CLASS = YES_ERROR;
				CLANG_WARN_QUOTED_INCLUDE_IN_FRAMEWORK_HEADER = YES;
				CLANG_WARN_RANGE_LOOP_ANALYSIS = YES;
				CLANG_WARN_STRICT_PROTOTYPES = YES;
				CLANG_WARN_SUSPICIOUS_MOVE = YES;
				CLANG_WARN_UNGUARDED_AVAILABILITY = YES_AGGRESSIVE;
				CLANG_WARN_UNREACHABLE_CODE = YES;
				CLANG_WARN__DUPLICATE_METHOD_MATCH = YES;
				COPY_PHASE_STRIP = NO;
				DEBUG_INFORMATION_FORMAT = dwarf;
				ENABLE_STRICT_OBJC_MSGSEND = YES;
				ENABLE_TESTABILITY = YES;
				GCC_C_LANGUAGE_STANDARD = gnu11;
				GCC_DYNAMIC_NO_PIC = NO;
				GCC_NO_COMMON_BLOCKS = YES;
				GCC_OPTIMIZATION_LEVEL = 0;
				GCC_PREPROCESSOR_DEFINITIONS = (
					"DEBUG=1",
					"$(inherited)",
				);
				GCC_WARN_64_TO_32_BIT_CONVERSION = YES;
				GCC_WARN_ABOUT_RETURN_TYPE = YES_ERROR;
				GCC_WARN_UNDECLARED_SELECTOR = YES;
				GCC_WARN_UNINITIALIZED_AUTOS = YES_AGGRESSIVE;
				GCC_WARN_UNUSED_FUNCTION = YES;
				GCC_WARN_UNUSED_VARIABLE = YES;
				IPHONEOS_DEPLOYMENT_TARGET = 15.0;
				MTL_ENABLE_DEBUG_INFO = INCLUDE_SOURCE;
				MTL_FAST_MATH = YES;
				ONLY_ACTIVE_ARCH = YES;
				SDKROOT = iphoneos;
				SWIFT_ACTIVE_COMPILATION_CONDITIONS = DEBUG;
				SWIFT_OPTIMIZATION_LEVEL = "-Onone";
			};
			name = Debug;
		};
		61205FC327872601003F3B32 /* Release */ = {
			isa = XCBuildConfiguration;
			buildSettings = {
				ALWAYS_SEARCH_USER_PATHS = NO;
				CLANG_ANALYZER_NONNULL = YES;
				CLANG_ANALYZER_NUMBER_OBJECT_CONVERSION = YES_AGGRESSIVE;
				CLANG_CXX_LANGUAGE_STANDARD = "gnu++17";
				CLANG_CXX_LIBRARY = "libc++";
				CLANG_ENABLE_MODULES = YES;
				CLANG_ENABLE_OBJC_ARC = YES;
				CLANG_ENABLE_OBJC_WEAK = YES;
				CLANG_WARN_BLOCK_CAPTURE_AUTORELEASING = YES;
				CLANG_WARN_BOOL_CONVERSION = YES;
				CLANG_WARN_COMMA = YES;
				CLANG_WARN_CONSTANT_CONVERSION = YES;
				CLANG_WARN_DEPRECATED_OBJC_IMPLEMENTATIONS = YES;
				CLANG_WARN_DIRECT_OBJC_ISA_USAGE = YES_ERROR;
				CLANG_WARN_DOCUMENTATION_COMMENTS = YES;
				CLANG_WARN_EMPTY_BODY = YES;
				CLANG_WARN_ENUM_CONVERSION = YES;
				CLANG_WARN_INFINITE_RECURSION = YES;
				CLANG_WARN_INT_CONVERSION = YES;
				CLANG_WARN_NON_LITERAL_NULL_CONVERSION = YES;
				CLANG_WARN_OBJC_IMPLICIT_RETAIN_SELF = YES;
				CLANG_WARN_OBJC_LITERAL_CONVERSION = YES;
				CLANG_WARN_OBJC_ROOT_CLASS = YES_ERROR;
				CLANG_WARN_QUOTED_INCLUDE_IN_FRAMEWORK_HEADER = YES;
				CLANG_WARN_RANGE_LOOP_ANALYSIS = YES;
				CLANG_WARN_STRICT_PROTOTYPES = YES;
				CLANG_WARN_SUSPICIOUS_MOVE = YES;
				CLANG_WARN_UNGUARDED_AVAILABILITY = YES_AGGRESSIVE;
				CLANG_WARN_UNREACHABLE_CODE = YES;
				CLANG_WARN__DUPLICATE_METHOD_MATCH = YES;
				COPY_PHASE_STRIP = NO;
				DEBUG_INFORMATION_FORMAT = "dwarf-with-dsym";
				ENABLE_NS_ASSERTIONS = NO;
				ENABLE_STRICT_OBJC_MSGSEND = YES;
				GCC_C_LANGUAGE_STANDARD = gnu11;
				GCC_NO_COMMON_BLOCKS = YES;
				GCC_WARN_64_TO_32_BIT_CONVERSION = YES;
				GCC_WARN_ABOUT_RETURN_TYPE = YES_ERROR;
				GCC_WARN_UNDECLARED_SELECTOR = YES;
				GCC_WARN_UNINITIALIZED_AUTOS = YES_AGGRESSIVE;
				GCC_WARN_UNUSED_FUNCTION = YES;
				GCC_WARN_UNUSED_VARIABLE = YES;
				IPHONEOS_DEPLOYMENT_TARGET = 15.0;
				MTL_ENABLE_DEBUG_INFO = NO;
				MTL_FAST_MATH = YES;
				SDKROOT = iphoneos;
				SWIFT_COMPILATION_MODE = wholemodule;
				SWIFT_OPTIMIZATION_LEVEL = "-O";
				VALIDATE_PRODUCT = YES;
			};
			name = Release;
		};
		61205FC527872601003F3B32 /* Debug */ = {
			isa = XCBuildConfiguration;
			baseConfigurationReference = AFB0A3FE79E04F7FB274F976 /* Pods-RealEstate.debug.xcconfig */;
			buildSettings = {
				ASSETCATALOG_COMPILER_APPICON_NAME = AppIcon;
				ASSETCATALOG_COMPILER_GLOBAL_ACCENT_COLOR_NAME = AccentColor;
				CODE_SIGN_STYLE = Automatic;
				CURRENT_PROJECT_VERSION = 1;
				DEVELOPMENT_TEAM = A663794A54;
				GENERATE_INFOPLIST_FILE = YES;
				INFOPLIST_FILE = RealEstate/Info.plist;
				INFOPLIST_KEY_UIApplicationSupportsIndirectInputEvents = YES;
				INFOPLIST_KEY_UILaunchStoryboardName = LaunchScreen;
				INFOPLIST_KEY_UIMainStoryboardFile = Main;
				INFOPLIST_KEY_UISupportedInterfaceOrientations_iPad = "UIInterfaceOrientationPortrait UIInterfaceOrientationPortraitUpsideDown UIInterfaceOrientationLandscapeLeft UIInterfaceOrientationLandscapeRight";
				INFOPLIST_KEY_UISupportedInterfaceOrientations_iPhone = "UIInterfaceOrientationPortrait UIInterfaceOrientationLandscapeLeft UIInterfaceOrientationLandscapeRight";
				LD_RUNPATH_SEARCH_PATHS = (
					"$(inherited)",
					"@executable_path/Frameworks",
				);
				MARKETING_VERSION = 1.0;
				PRODUCT_BUNDLE_IDENTIFIER = AlaaKhalil.RealEstate;
				PRODUCT_NAME = "$(TARGET_NAME)";
				SWIFT_EMIT_LOC_STRINGS = YES;
				SWIFT_VERSION = 5.0;
				TARGETED_DEVICE_FAMILY = 1;
			};
			name = Debug;
		};
		61205FC627872601003F3B32 /* Release */ = {
			isa = XCBuildConfiguration;
			baseConfigurationReference = EC392892036288EFBE648555 /* Pods-RealEstate.release.xcconfig */;
			buildSettings = {
				ASSETCATALOG_COMPILER_APPICON_NAME = AppIcon;
				ASSETCATALOG_COMPILER_GLOBAL_ACCENT_COLOR_NAME = AccentColor;
				CODE_SIGN_STYLE = Automatic;
				CURRENT_PROJECT_VERSION = 1;
				DEVELOPMENT_TEAM = A663794A54;
				GENERATE_INFOPLIST_FILE = YES;
				INFOPLIST_FILE = RealEstate/Info.plist;
				INFOPLIST_KEY_UIApplicationSupportsIndirectInputEvents = YES;
				INFOPLIST_KEY_UILaunchStoryboardName = LaunchScreen;
				INFOPLIST_KEY_UIMainStoryboardFile = Main;
				INFOPLIST_KEY_UISupportedInterfaceOrientations_iPad = "UIInterfaceOrientationPortrait UIInterfaceOrientationPortraitUpsideDown UIInterfaceOrientationLandscapeLeft UIInterfaceOrientationLandscapeRight";
				INFOPLIST_KEY_UISupportedInterfaceOrientations_iPhone = "UIInterfaceOrientationPortrait UIInterfaceOrientationLandscapeLeft UIInterfaceOrientationLandscapeRight";
				LD_RUNPATH_SEARCH_PATHS = (
					"$(inherited)",
					"@executable_path/Frameworks",
				);
				MARKETING_VERSION = 1.0;
				PRODUCT_BUNDLE_IDENTIFIER = AlaaKhalil.RealEstate;
				PRODUCT_NAME = "$(TARGET_NAME)";
				SWIFT_EMIT_LOC_STRINGS = YES;
				SWIFT_VERSION = 5.0;
				TARGETED_DEVICE_FAMILY = 1;
			};
			name = Release;
		};
		61205FC827872601003F3B32 /* Debug */ = {
			isa = XCBuildConfiguration;
			baseConfigurationReference = D73FB52AEA32753F2309B46E /* Pods-RealEstateTests.debug.xcconfig */;
			buildSettings = {
				ALWAYS_EMBED_SWIFT_STANDARD_LIBRARIES = YES;
				BUNDLE_LOADER = "$(TEST_HOST)";
				CODE_SIGN_STYLE = Automatic;
				CURRENT_PROJECT_VERSION = 1;
				DEVELOPMENT_TEAM = A663794A54;
				GENERATE_INFOPLIST_FILE = YES;
				IPHONEOS_DEPLOYMENT_TARGET = 15.0;
				LD_RUNPATH_SEARCH_PATHS = (
					"$(inherited)",
					"@executable_path/Frameworks",
					"@loader_path/Frameworks",
				);
				MARKETING_VERSION = 1.0;
				PRODUCT_BUNDLE_IDENTIFIER = AlaaKhalil.RealEstateTests;
				PRODUCT_NAME = "$(TARGET_NAME)";
				SWIFT_EMIT_LOC_STRINGS = NO;
				SWIFT_VERSION = 5.0;
				TARGETED_DEVICE_FAMILY = "1,2";
				TEST_HOST = "$(BUILT_PRODUCTS_DIR)/RealEstate.app/RealEstate";
			};
			name = Debug;
		};
		61205FC927872601003F3B32 /* Release */ = {
			isa = XCBuildConfiguration;
			baseConfigurationReference = 5DB96319B62C1C81D079DFF5 /* Pods-RealEstateTests.release.xcconfig */;
			buildSettings = {
				ALWAYS_EMBED_SWIFT_STANDARD_LIBRARIES = YES;
				BUNDLE_LOADER = "$(TEST_HOST)";
				CODE_SIGN_STYLE = Automatic;
				CURRENT_PROJECT_VERSION = 1;
				DEVELOPMENT_TEAM = A663794A54;
				GENERATE_INFOPLIST_FILE = YES;
				IPHONEOS_DEPLOYMENT_TARGET = 15.0;
				LD_RUNPATH_SEARCH_PATHS = (
					"$(inherited)",
					"@executable_path/Frameworks",
					"@loader_path/Frameworks",
				);
				MARKETING_VERSION = 1.0;
				PRODUCT_BUNDLE_IDENTIFIER = AlaaKhalil.RealEstateTests;
				PRODUCT_NAME = "$(TARGET_NAME)";
				SWIFT_EMIT_LOC_STRINGS = NO;
				SWIFT_VERSION = 5.0;
				TARGETED_DEVICE_FAMILY = "1,2";
				TEST_HOST = "$(BUILT_PRODUCTS_DIR)/RealEstate.app/RealEstate";
			};
			name = Release;
		};
		61205FCB27872601003F3B32 /* Debug */ = {
			isa = XCBuildConfiguration;
			baseConfigurationReference = 7D411B7629EBE57221CC2875 /* Pods-RealEstate-RealEstateUITests.debug.xcconfig */;
			buildSettings = {
				ALWAYS_EMBED_SWIFT_STANDARD_LIBRARIES = YES;
				CODE_SIGN_STYLE = Automatic;
				CURRENT_PROJECT_VERSION = 1;
				DEVELOPMENT_TEAM = A663794A54;
				GENERATE_INFOPLIST_FILE = YES;
				LD_RUNPATH_SEARCH_PATHS = (
					"$(inherited)",
					"@executable_path/Frameworks",
					"@loader_path/Frameworks",
				);
				MARKETING_VERSION = 1.0;
				PRODUCT_BUNDLE_IDENTIFIER = AlaaKhalil.RealEstateUITests;
				PRODUCT_NAME = "$(TARGET_NAME)";
				SWIFT_EMIT_LOC_STRINGS = NO;
				SWIFT_VERSION = 5.0;
				TARGETED_DEVICE_FAMILY = "1,2";
				TEST_TARGET_NAME = RealEstate;
			};
			name = Debug;
		};
		61205FCC27872601003F3B32 /* Release */ = {
			isa = XCBuildConfiguration;
			baseConfigurationReference = 8C456466C5CD5752F118BCA6 /* Pods-RealEstate-RealEstateUITests.release.xcconfig */;
			buildSettings = {
				ALWAYS_EMBED_SWIFT_STANDARD_LIBRARIES = YES;
				CODE_SIGN_STYLE = Automatic;
				CURRENT_PROJECT_VERSION = 1;
				DEVELOPMENT_TEAM = A663794A54;
				GENERATE_INFOPLIST_FILE = YES;
				LD_RUNPATH_SEARCH_PATHS = (
					"$(inherited)",
					"@executable_path/Frameworks",
					"@loader_path/Frameworks",
				);
				MARKETING_VERSION = 1.0;
				PRODUCT_BUNDLE_IDENTIFIER = AlaaKhalil.RealEstateUITests;
				PRODUCT_NAME = "$(TARGET_NAME)";
				SWIFT_EMIT_LOC_STRINGS = NO;
				SWIFT_VERSION = 5.0;
				TARGETED_DEVICE_FAMILY = "1,2";
				TEST_TARGET_NAME = RealEstate;
			};
			name = Release;
		};
/* End XCBuildConfiguration section */

/* Begin XCConfigurationList section */
		61205F95278725FD003F3B32 /* Build configuration list for PBXProject "RealEstate" */ = {
			isa = XCConfigurationList;
			buildConfigurations = (
				61205FC227872601003F3B32 /* Debug */,
				61205FC327872601003F3B32 /* Release */,
			);
			defaultConfigurationIsVisible = 0;
			defaultConfigurationName = Release;
		};
		61205FC427872601003F3B32 /* Build configuration list for PBXNativeTarget "RealEstate" */ = {
			isa = XCConfigurationList;
			buildConfigurations = (
				61205FC527872601003F3B32 /* Debug */,
				61205FC627872601003F3B32 /* Release */,
			);
			defaultConfigurationIsVisible = 0;
			defaultConfigurationName = Release;
		};
		61205FC727872601003F3B32 /* Build configuration list for PBXNativeTarget "RealEstateTests" */ = {
			isa = XCConfigurationList;
			buildConfigurations = (
				61205FC827872601003F3B32 /* Debug */,
				61205FC927872601003F3B32 /* Release */,
			);
			defaultConfigurationIsVisible = 0;
			defaultConfigurationName = Release;
		};
		61205FCA27872601003F3B32 /* Build configuration list for PBXNativeTarget "RealEstateUITests" */ = {
			isa = XCConfigurationList;
			buildConfigurations = (
				61205FCB27872601003F3B32 /* Debug */,
				61205FCC27872601003F3B32 /* Release */,
			);
			defaultConfigurationIsVisible = 0;
			defaultConfigurationName = Release;
		};
/* End XCConfigurationList section */
	};
	rootObject = 61205F92278725FD003F3B32 /* Project object */;
}
